
Microsoft Visual Studio Solution File, Format Version 12.00
# Visual Studio Version 17
VisualStudioVersion = 17.9.34622.214
MinimumVisualStudioVersion = 10.0.40219.1
Project("{9A19103F-16F7-4668-BE54-9A1E7A4F7556}") = "CMS.Web", "CMS.Web\CMS.Web.csproj", "{7B6015E7-76A8-47D0-8257-3FC60D9F543B}"
EndProject
Project("{9A19103F-16F7-4668-BE54-9A1E7A4F7556}") = "CMS.CoreBusiness", "CMS.CoreBusiness\CMS.CoreBusiness.csproj", "{59D176CA-6122-4BB0-9566-7F4FEBB97AD8}"
EndProject
Project("{9A19103F-16F7-4668-BE54-9A1E7A4F7556}") = "CMS.UseCases", "CMS.UseCases\CMS.UseCases.csproj", "{756C07D4-C714-4370-86B1-A5AF945626A2}"
EndProject
Project("{FAE04EC0-301F-11D3-BF4B-00C04F79EFBC}") = "CMS.Data", "CMS.Data\CMS.Data.csproj", "{6C93839E-5A39-44C0-9F31-60F6493491BD}"
EndProject
Global
	GlobalSection(SolutionConfigurationPlatforms) = preSolution
		Debug|Any CPU = Debug|Any CPU
		Release|Any CPU = Release|Any CPU
	EndGlobalSection
	GlobalSection(ProjectConfigurationPlatforms) = postSolution
		{7B6015E7-76A8-47D0-8257-3FC60D9F543B}.Debug|Any CPU.ActiveCfg = Debug|Any CPU
		{7B6015E7-76A8-47D0-8257-3FC60D9F543B}.Debug|Any CPU.Build.0 = Debug|Any CPU
		{7B6015E7-76A8-47D0-8257-3FC60D9F543B}.Release|Any CPU.ActiveCfg = Release|Any CPU
		{7B6015E7-76A8-47D0-8257-3FC60D9F543B}.Release|Any CPU.Build.0 = Release|Any CPU
		{59D176CA-6122-4BB0-9566-7F4FEBB97AD8}.Debug|Any CPU.ActiveCfg = Debug|Any CPU
		{59D176CA-6122-4BB0-9566-7F4FEBB97AD8}.Debug|Any CPU.Build.0 = Debug|Any CPU
		{59D176CA-6122-4BB0-9566-7F4FEBB97AD8}.Release|Any CPU.ActiveCfg = Release|Any CPU
		{59D176CA-6122-4BB0-9566-7F4FEBB97AD8}.Release|Any CPU.Build.0 = Release|Any CPU
		{756C07D4-C714-4370-86B1-A5AF945626A2}.Debug|Any CPU.ActiveCfg = Debug|Any CPU
		{756C07D4-C714-4370-86B1-A5AF945626A2}.Debug|Any CPU.Build.0 = Debug|Any CPU
		{756C07D4-C714-4370-86B1-A5AF945626A2}.Release|Any CPU.ActiveCfg = Release|Any CPU
		{756C07D4-C714-4370-86B1-A5AF945626A2}.Release|Any CPU.Build.0 = Release|Any CPU
		{6C93839E-5A39-44C0-9F31-60F6493491BD}.Debug|Any CPU.ActiveCfg = Debug|Any CPU
		{6C93839E-5A39-44C0-9F31-60F6493491BD}.Debug|Any CPU.Build.0 = Debug|Any CPU
		{6C93839E-5A39-44C0-9F31-60F6493491BD}.Release|Any CPU.ActiveCfg = Release|Any CPU
		{6C93839E-5A39-44C0-9F31-60F6493491BD}.Release|Any CPU.Build.0 = Release|Any CPU
	EndGlobalSection
	GlobalSection(SolutionProperties) = preSolution
		HideSolutionNode = FALSE
	EndGlobalSection
	GlobalSection(ExtensibilityGlobals) = postSolution
		SolutionGuid = {EA093555-3738-412E-B476-B2DA639DE19A}
	EndGlobalSection
EndGlobal
